
Microsoft Visual Studio Solution File, Format Version 12.00
# Visual Studio Version 17
VisualStudioVersion = 17.13.35806.99 d17.13
MinimumVisualStudioVersion = 10.0.40219.1
Project("{FAE04EC0-301F-11D3-BF4B-00C04F79EFBC}") = "ProjectManager", "ProjectManager\ProjectManager.csproj", "{CC188C0F-E120-4B3C-A352-59CA4D44C65E}"
EndProject
Global
	GlobalSection(SolutionConfigurationPlatforms) = preSolution
		Debug|Any CPU = Debug|Any CPU
		Release|Any CPU = Release|Any CPU
	EndGlobalSection
	GlobalSection(ProjectConfigurationPlatforms) = postSolution
		{CC188C0F-E120-4B3C-A352-59CA4D44C65E}.Debug|Any CPU.ActiveCfg = Debug|Any CPU
		{CC188C0F-E120-4B3C-A352-59CA4D44C65E}.Debug|Any CPU.Build.0 = Debug|Any CPU
		{CC188C0F-E120-4B3C-A352-59CA4D44C65E}.Debug|Any CPU.Deploy.0 = Debug|Any CPU
		{CC188C0F-E120-4B3C-A352-59CA4D44C65E}.Release|Any CPU.ActiveCfg = Release|Any CPU
		{CC188C0F-E120-4B3C-A352-59CA4D44C65E}.Release|Any CPU.Build.0 = Release|Any CPU
		{CC188C0F-E120-4B3C-A352-59CA4D44C65E}.Release|Any CPU.Deploy.0 = Release|Any CPU
	EndGlobalSection
	GlobalSection(SolutionProperties) = preSolution
		HideSolutionNode = FALSE
	EndGlobalSection
	GlobalSection(ExtensibilityGlobals) = postSolution
		SolutionGuid = {713DF374-C15A-48D3-A56F-15DA301BBFFC}
	EndGlobalSection
EndGlobal
